// !$*UTF8*$!
{
	archiveVersion = 1;
	classes = {
	};
	objectVersion = 46;
	objects = {

/* Begin PBXBuildFile section */
		834FDB7A1C6CD585009407BC /* AppDelegate.swift in Sources */ = {isa = PBXBuildFile; fileRef = 834FDB791C6CD585009407BC /* AppDelegate.swift */; };
		834FDB7C1C6CD585009407BC /* ViewController.swift in Sources */ = {isa = PBXBuildFile; fileRef = 834FDB7B1C6CD585009407BC /* ViewController.swift */; };
		834FDB7F1C6CD585009407BC /* Main.storyboard in Resources */ = {isa = PBXBuildFile; fileRef = 834FDB7D1C6CD585009407BC /* Main.storyboard */; };
		834FDB811C6CD585009407BC /* Assets.xcassets in Resources */ = {isa = PBXBuildFile; fileRef = 834FDB801C6CD585009407BC /* Assets.xcassets */; };
		834FDB841C6CD585009407BC /* LaunchScreen.storyboard in Resources */ = {isa = PBXBuildFile; fileRef = 834FDB821C6CD585009407BC /* LaunchScreen.storyboard */; };
/* End PBXBuildFile section */

/* Begin PBXFileReference section */
		834FDB761C6CD585009407BC /* Multiples Exercise.app */ = {isa = PBXFileReference; explicitFileType = wrapper.application; includeInIndex = 0; path = "Multiples Exercise.app"; sourceTree = BUILT_PRODUCTS_DIR; };
		834FDB791C6CD585009407BC /* AppDelegate.swift */ = {isa = PBXFileReference; lastKnownFileType = sourcecode.swift; path = AppDelegate.swift; sourceTree = "<group>"; };
		834FDB7B1C6CD585009407BC /* ViewController.swift */ = {isa = PBXFileReference; lastKnownFileType = sourcecode.swift; path = ViewController.swift; sourceTree = "<group>"; };
		834FDB7E1C6CD585009407BC /* Base */ = {isa = PBXFileReference; lastKnownFileType = file.storyboard; name = Base; path = Base.lproj/Main.storyboard; sourceTree = "<group>"; };
		834FDB801C6CD585009407BC /* Assets.xcassets */ = {isa = PBXFileReference; lastKnownFileType = folder.assetcatalog; path = Assets.xcassets; sourceTree = "<group>"; };
		834FDB831C6CD585009407BC /* Base */ = {isa = PBXFileReference; lastKnownFileType = file.storyboard; name = Base; path = Base.lproj/LaunchScreen.storyboard; sourceTree = "<group>"; };
		834FDB851C6CD585009407BC /* Info.plist */ = {isa = PBXFileReference; lastKnownFileType = text.plist.xml; path = Info.plist; sourceTree = "<group>"; };
/* End PBXFileReference section */

/* Begin PBXFrameworksBuildPhase section */
		834FDB731C6CD585009407BC /* Frameworks */ = {
			isa = PBXFrameworksBuildPhase;
			buildActionMask = 2147483647;
			files = (
			);
			runOnlyForDeploymentPostprocessing = 0;
		};
/* End PBXFrameworksBuildPhase section */

/* Begin PBXGroup section */
		834FDB6D1C6CD585009407BC = {
			isa = PBXGroup;
			children = (
				834FDB781C6CD585009407BC /* Multiples Exercise */,
				834FDB771C6CD585009407BC /* Products */,
			);
			sourceTree = "<group>";
		};
		834FDB771C6CD585009407BC /* Products */ = {
			isa = PBXGroup;
			children = (
				834FDB761C6CD585009407BC /* Multiples Exercise.app */,
			);
			name = Products;
			sourceTree = "<group>";
		};
		834FDB781C6CD585009407BC /* Multiples Exercise */ = {
			isa = PBXGroup;
			children = (
				834FDB791C6CD585009407BC /* AppDelegate.swift */,
				834FDB7B1C6CD585009407BC /* ViewController.swift */,
				834FDB7D1C6CD585009407BC /* Main.storyboard */,
				834FDB801C6CD585009407BC /* Assets.xcassets */,
				834FDB821C6CD585009407BC /* LaunchScreen.storyboard */,
				834FDB851C6CD585009407BC /* Info.plist */,
			);
			path = "Multiples Exercise";
			sourceTree = "<group>";
		};
/* End PBXGroup section */

/* Begin PBXNativeTarget section */
		834FDB751C6CD585009407BC /* Multiples Exercise */ = {
			isa = PBXNativeTarget;
			buildConfigurationList = 834FDB881C6CD585009407BC /* Build configuration list for PBXNativeTarget "Multiples Exercise" */;
			buildPhases = (
				834FDB721C6CD585009407BC /* Sources */,
				834FDB731C6CD585009407BC /* Frameworks */,
				834FDB741C6CD585009407BC /* Resources */,
			);
			buildRules = (
			);
			dependencies = (
			);
			name = "Multiples Exercise";
			productName = "Multiples Exercise";
			productReference = 834FDB761C6CD585009407BC /* Multiples Exercise.app */;
			productType = "com.apple.product-type.application";
		};
/* End PBXNativeTarget section */

/* Begin PBXProject section */
		834FDB6E1C6CD585009407BC /* Project object */ = {
			isa = PBXProject;
			attributes = {
				LastSwiftUpdateCheck = 0720;
				LastUpgradeCheck = 0720;
				ORGANIZATIONNAME = "Smooth Black 6";
				TargetAttributes = {
					834FDB751C6CD585009407BC = {
						CreatedOnToolsVersion = 7.2.1;
					};
				};
			};
			buildConfigurationList = 834FDB711C6CD585009407BC /* Build configuration list for PBXProject "Multiples Exercise" */;
			compatibilityVersion = "Xcode 3.2";
			developmentRegion = English;
			hasScannedForEncodings = 0;
			knownRegions = (
				en,
				Base,
			);
			mainGroup = 834FDB6D1C6CD585009407BC;
			productRefGroup = 834FDB771C6CD585009407BC /* Products */;
			projectDirPath = "";
			projectRoot = "";
			targets = (
				834FDB751C6CD585009407BC /* Multiples Exercise */,
			);
		};
/* End PBXProject section */

/* Begin PBXResourcesBuildPhase section */
		834FDB741C6CD585009407BC /* Resources */ = {
			isa = PBXResourcesBuildPhase;
			buildActionMask = 2147483647;
			files = (
				834FDB841C6CD585009407BC /* LaunchScreen.storyboard in Resources */,
				834FDB811C6CD585009407BC /* Assets.xcassets in Resources */,
				834FDB7F1C6CD585009407BC /* Main.storyboard in Resources */,
			);
			runOnlyForDeploymentPostprocessing = 0;
		};
/* End PBXResourcesBuildPhase section */

/* Begin PBXSourcesBuildPhase section */
		834FDB721C6CD585009407BC /* Sources */ = {
			isa = PBXSourcesBuildPhase;
			buildActionMask = 2147483647;
			files = (
				834FDB7C1C6CD585009407BC /* ViewController.swift in Sources */,
				834FDB7A1C6CD585009407BC /* AppDelegate.swift in Sources */,
			);
			runOnlyForDeploymentPostprocessing = 0;
		};
/* End PBXSourcesBuildPhase section */

/* Begin PBXVariantGroup section */
		834FDB7D1C6CD585009407BC /* Main.storyboard */ = {
			isa = PBXVariantGroup;
			children = (
				834FDB7E1C6CD585009407BC /* Base */,
			);
			name = Main.storyboard;
			sourceTree = "<group>";
		};
		834FDB821C6CD585009407BC /* LaunchScreen.storyboard */ = {
			isa = PBXVariantGroup;
			children = (
				834FDB831C6CD585009407BC /* Base */,
			);
			name = LaunchScreen.storyboard;
			sourceTree = "<group>";
		};
/* End PBXVariantGroup section */

/* Begin XCBuildConfiguration section */
		834FDB861C6CD585009407BC /* Debug */ = {
			isa = XCBuildConfiguration;
			buildSettings = {
				ALWAYS_SEARCH_USER_PATHS = NO;
				CLANG_CXX_LANGUAGE_STANDARD = "gnu++0x";
				CLANG_CXX_LIBRARY = "libc++";
				CLANG_ENABLE_MODULES = YES;
				CLANG_ENABLE_OBJC_ARC = YES;
				CLANG_WARN_BOOL_CONVERSION = YES;
				CLANG_WARN_CONSTANT_CONVERSION = YES;
				CLANG_WARN_DIRECT_OBJC_ISA_USAGE = YES_ERROR;
				CLANG_WARN_EMPTY_BODY = YES;
				CLANG_WARN_ENUM_CONVERSION = YES;
				CLANG_WARN_INT_CONVERSION = YES;
				CLANG_WARN_OBJC_ROOT_CLASS = YES_ERROR;
				CLANG_WARN_UNREACHABLE_CODE = YES;
				CLANG_WARN__DUPLICATE_METHOD_MATCH = YES;
				"CODE_SIGN_IDENTITY[sdk=iphoneos*]" = "iPhone Developer";
				COPY_PHASE_STRIP = NO;
				DEBUG_INFORMATION_FORMAT = dwarf;
				ENABLE_STRICT_OBJC_MSGSEND = YES;
				ENABLE_TESTABILITY = YES;
				GCC_C_LANGUAGE_STANDARD = gnu99;
				GCC_DYNAMIC_NO_PIC = NO;
				GCC_NO_COMMON_BLOCKS = YES;
				GCC_OPTIMIZATION_LEVEL = 0;
				GCC_PREPROCESSOR_DEFINITIONS = (
					"DEBUG=1",
					"$(inherited)",
				);
				GCC_WARN_64_TO_32_BIT_CONVERSION = YES;
				GCC_WARN_ABOUT_RETURN_TYPE = YES_ERROR;
				GCC_WARN_UNDECLARED_SELECTOR = YES;
				GCC_WARN_UNINITIALIZED_AUTOS = YES_AGGRESSIVE;
				GCC_WARN_UNUSED_FUNCTION = YES;
				GCC_WARN_UNUSED_VARIABLE = YES;
				IPHONEOS_DEPLOYMENT_TARGET = 9.2;
				MTL_ENABLE_DEBUG_INFO = YES;
				ONLY_ACTIVE_ARCH = YES;
				SDKROOT = iphoneos;
				SWIFT_OPTIMIZATION_LEVEL = "-Onone";
			};
			name = Debug;
		};
		834FDB871C6CD585009407BC /* Release */ = {
			isa = XCBuildConfiguration;
			buildSettings = {
				ALWAYS_SEARCH_USER_PATHS = NO;
				CLANG_CXX_LANGUAGE_STANDARD = "gnu++0x";
				CLANG_CXX_LIBRARY = "libc++";
				CLANG_ENABLE_MODULES = YES;
				CLANG_ENABLE_OBJC_ARC = YES;
				CLANG_WARN_BOOL_CONVERSION = YES;
				CLANG_WARN_CONSTANT_CONVERSION = YES;
				CLANG_WARN_DIRECT_OBJC_ISA_USAGE = YES_ERROR;
				CLANG_WARN_EMPTY_BODY = YES;
				CLANG_WARN_ENUM_CONVERSION = YES;
				CLANG_WARN_INT_CONVERSION = YES;
				CLANG_WARN_OBJC_ROOT_CLASS = YES_ERROR;
				CLANG_WARN_UNREACHABLE_CODE = YES;
				CLANG_WARN__DUPLICATE_METHOD_MATCH = YES;
				"CODE_SIGN_IDENTITY[sdk=iphoneos*]" = "iPhone Developer";
				COPY_PHASE_STRIP = NO;
				DEBUG_INFORMATION_FORMAT = "dwarf-with-dsym";
				ENABLE_NS_ASSERTIONS = NO;
				ENABLE_STRICT_OBJC_MSGSEND = YES;
				GCC_C_LANGUAGE_STANDARD = gnu99;
				GCC_NO_COMMON_BLOCKS = YES;
				GCC_WARN_64_TO_32_BIT_CONVERSION = YES;
				GCC_WARN_ABOUT_RETURN_TYPE = YES_ERROR;
				GCC_WARN_UNDECLARED_SELECTOR = YES;
				GCC_WARN_UNINITIALIZED_AUTOS = YES_AGGRESSIVE;
				GCC_WARN_UNUSED_FUNCTION = YES;
				GCC_WARN_UNUSED_VARIABLE = YES;
				IPHONEOS_DEPLOYMENT_TARGET = 9.2;
				MTL_ENABLE_DEBUG_INFO = NO;
				SDKROOT = iphoneos;
				VALIDATE_PRODUCT = YES;
			};
			name = Release;
		};
		834FDB891C6CD585009407BC /* Debug */ = {
			isa = XCBuildConfiguration;
			buildSettings = {
				ASSETCATALOG_COMPILER_APPICON_NAME = AppIcon;
				INFOPLIST_FILE = "Multiples Exercise/Info.plist";
				LD_RUNPATH_SEARCH_PATHS = "$(inherited) @executable_path/Frameworks";
				PRODUCT_BUNDLE_IDENTIFIER = "com.smoothblack6.Multiples-Exercise";
				PRODUCT_NAME = "$(TARGET_NAME)";
				TARGETED_DEVICE_FAMILY = "1,2";
			};
			name = Debug;
		};
		834FDB8A1C6CD585009407BC /* Release */ = {
			isa = XCBuildConfiguration;
			buildSettings = {
				ASSETCATALOG_COMPILER_APPICON_NAME = AppIcon;
				INFOPLIST_FILE = "Multiples Exercise/Info.plist";
				LD_RUNPATH_SEARCH_PATHS = "$(inherited) @executable_path/Frameworks";
				PRODUCT_BUNDLE_IDENTIFIER = "com.smoothblack6.Multiples-Exercise";
				PRODUCT_NAME = "$(TARGET_NAME)";
				TARGETED_DEVICE_FAMILY = "1,2";
			};
			name = Release;
		};
/* End XCBuildConfiguration section */

/* Begin XCConfigurationList section */
		834FDB711C6CD585009407BC /* Build configuration list for PBXProject "Multiples Exercise" */ = {
			isa = XCConfigurationList;
			buildConfigurations = (
				834FDB861C6CD585009407BC /* Debug */,
				834FDB871C6CD585009407BC /* Release */,
			);
			defaultConfigurationIsVisible = 0;
			defaultConfigurationName = Release;
		};
		834FDB881C6CD585009407BC /* Build configuration list for PBXNativeTarget "Multiples Exercise" */ = {
			isa = XCConfigurationList;
			buildConfigurations = (
				834FDB891C6CD585009407BC /* Debug */,
				834FDB8A1C6CD585009407BC /* Release */,
			);
			defaultConfigurationIsVisible = 0;
		};
/* End XCConfigurationList section */
	};
	rootObject = 834FDB6E1C6CD585009407BC /* Project object */;
}
